
Microsoft Visual Studio Solution File, Format Version 12.00
# Visual Studio 2015
Project("{FAE04EC0-301F-11D3-BF4B-00C04F79EFBC}") = "Knife Hit replica", "Knife Hit replica.csproj", "{73CE5731-E808-6FED-CB6B-ED5E8EFEBF8D}"
EndProject
Global
	GlobalSection(SolutionConfigurationPlatforms) = preSolution
		Debug|Any CPU = Debug|Any CPU
		Release|Any CPU = Release|Any CPU
	EndGlobalSection
	GlobalSection(ProjectConfigurationPlatforms) = postSolution
		{73CE5731-E808-6FED-CB6B-ED5E8EFEBF8D}.Debug|Any CPU.ActiveCfg = Debug|Any CPU
		{73CE5731-E808-6FED-CB6B-ED5E8EFEBF8D}.Debug|Any CPU.Build.0 = Debug|Any CPU
		{73CE5731-E808-6FED-CB6B-ED5E8EFEBF8D}.Release|Any CPU.ActiveCfg = Release|Any CPU
		{73CE5731-E808-6FED-CB6B-ED5E8EFEBF8D}.Release|Any CPU.Build.0 = Release|Any CPU
	EndGlobalSection
	GlobalSection(SolutionProperties) = preSolution
		HideSolutionNode = FALSE
	EndGlobalSection
EndGlobal
